
Microsoft Visual Studio Solution File, Format Version 12.00
# Visual Studio Version 16
VisualStudioVersion = 16.0.31129.286
MinimumVisualStudioVersion = 10.0.40219.1
Project("{FAE04EC0-301F-11D3-BF4B-00C04F79EFBC}") = "MiCalculadora", "WindowsFormsApp1\MiCalculadora.csproj", "{FA57E2F1-954C-468B-91A4-33C4E84E26D5}"
EndProject
Project("{FAE04EC0-301F-11D3-BF4B-00C04F79EFBC}") = "Entidades", "Entidades\Entidades.csproj", "{ACDA48D1-A081-48CB-ADBA-F09CA4090327}"
EndProject
Global
	GlobalSection(SolutionConfigurationPlatforms) = preSolution
		Debug|Any CPU = Debug|Any CPU
		Release|Any CPU = Release|Any CPU
	EndGlobalSection
	GlobalSection(ProjectConfigurationPlatforms) = postSolution
		{FA57E2F1-954C-468B-91A4-33C4E84E26D5}.Debug|Any CPU.ActiveCfg = Debug|Any CPU
		{FA57E2F1-954C-468B-91A4-33C4E84E26D5}.Debug|Any CPU.Build.0 = Debug|Any CPU
		{FA57E2F1-954C-468B-91A4-33C4E84E26D5}.Release|Any CPU.ActiveCfg = Release|Any CPU
		{FA57E2F1-954C-468B-91A4-33C4E84E26D5}.Release|Any CPU.Build.0 = Release|Any CPU
		{ACDA48D1-A081-48CB-ADBA-F09CA4090327}.Debug|Any CPU.ActiveCfg = Debug|Any CPU
		{ACDA48D1-A081-48CB-ADBA-F09CA4090327}.Debug|Any CPU.Build.0 = Debug|Any CPU
		{ACDA48D1-A081-48CB-ADBA-F09CA4090327}.Release|Any CPU.ActiveCfg = Release|Any CPU
		{ACDA48D1-A081-48CB-ADBA-F09CA4090327}.Release|Any CPU.Build.0 = Release|Any CPU
	EndGlobalSection
	GlobalSection(SolutionProperties) = preSolution
		HideSolutionNode = FALSE
	EndGlobalSection
	GlobalSection(ExtensibilityGlobals) = postSolution
		SolutionGuid = {3ECBABA3-9193-43A6-AEC7-F6A9FB1B584B}
	EndGlobalSection
EndGlobal
